
Microsoft Visual Studio Solution File, Format Version 12.00
# Visual Studio 2012
Project("{8BC9CEB8-8B4A-11D0-8D11-00A0C91BC942}") = "1.169", "1.169\1.169.vcxproj", "{583D5759-467A-42CB-8FF1-1F160C7418FA}"
EndProject
Global
	GlobalSection(SolutionConfigurationPlatforms) = preSolution
		Debug|Win32 = Debug|Win32
		Release|Win32 = Release|Win32
	EndGlobalSection
	GlobalSection(ProjectConfigurationPlatforms) = postSolution
		{583D5759-467A-42CB-8FF1-1F160C7418FA}.Debug|Win32.ActiveCfg = Debug|Win32
		{583D5759-467A-42CB-8FF1-1F160C7418FA}.Debug|Win32.Build.0 = Debug|Win32
		{583D5759-467A-42CB-8FF1-1F160C7418FA}.Release|Win32.ActiveCfg = Release|Win32
		{583D5759-467A-42CB-8FF1-1F160C7418FA}.Release|Win32.Build.0 = Release|Win32
	EndGlobalSection
	GlobalSection(SolutionProperties) = preSolution
		HideSolutionNode = FALSE
	EndGlobalSection
EndGlobal
