
Microsoft Visual Studio Solution File, Format Version 12.00
# Visual Studio 2012
Project("{8BC9CEB8-8B4A-11D0-8D11-00A0C91BC942}") = "7.167", "7.167\7.167.vcxproj", "{8E4753BA-A056-4FD3-A572-E1D6B2952F35}"
EndProject
Global
	GlobalSection(SolutionConfigurationPlatforms) = preSolution
		Debug|Win32 = Debug|Win32
		Release|Win32 = Release|Win32
	EndGlobalSection
	GlobalSection(ProjectConfigurationPlatforms) = postSolution
		{8E4753BA-A056-4FD3-A572-E1D6B2952F35}.Debug|Win32.ActiveCfg = Debug|Win32
		{8E4753BA-A056-4FD3-A572-E1D6B2952F35}.Debug|Win32.Build.0 = Debug|Win32
		{8E4753BA-A056-4FD3-A572-E1D6B2952F35}.Release|Win32.ActiveCfg = Release|Win32
		{8E4753BA-A056-4FD3-A572-E1D6B2952F35}.Release|Win32.Build.0 = Release|Win32
	EndGlobalSection
	GlobalSection(SolutionProperties) = preSolution
		HideSolutionNode = FALSE
	EndGlobalSection
EndGlobal
